PODS:
  - agora_rtc_engine (6.2.2):
    - AgoraIrisRTC_iOS (= 4.2.2-build.1)
    - AgoraRtcEngine_iOS (= 4.2.2)
    - Flutter
  - AgoraIrisRTC_iOS (4.2.2-build.1)
  - AgoraRtcEngine_iOS (4.2.2):
    - AgoraRtcEngine_iOS/AIAEC (= 4.2.2)
    - AgoraRtcEngine_iOS/AINS (= 4.2.2)
    - AgoraRtcEngine_iOS/AudioBeauty (= 4.2.2)
    - AgoraRtcEngine_iOS/ClearVision (= 4.2.2)
    - AgoraRtcEngine_iOS/ContentInspect (= 4.2.2)
    - AgoraRtcEngine_iOS/DRM (= 4.2.2)
    - AgoraRtcEngine_iOS/FaceDetection (= 4.2.2)
    - AgoraRtcEngine_iOS/ReplayKit (= 4.2.2)
    - AgoraRtcEngine_iOS/RtcBasic (= 4.2.2)
    - AgoraRtcEngine_iOS/SpatialAudio (= 4.2.2)
    - AgoraRtcEngine_iOS/VideoCodecDec (= 4.2.2)
    - AgoraRtcEngine_iOS/VideoCodecEnc (= 4.2.2)
    - AgoraRtcEngine_iOS/VirtualBackground (= 4.2.2)
    - AgoraRtcEngine_iOS/VQA (= 4.2.2)
  - AgoraRtcEngine_iOS/AIAEC (4.2.2)
  - AgoraRtcEngine_iOS/AINS (4.2.2)
  - AgoraRtcEngine_iOS/AudioBeauty (4.2.2)
  - AgoraRtcEngine_iOS/ClearVision (4.2.2)
  - AgoraRtcEngine_iOS/ContentInspect (4.2.2)
  - AgoraRtcEngine_iOS/DRM (4.2.2)
  - AgoraRtcEngine_iOS/FaceDetection (4.2.2)
  - AgoraRtcEngine_iOS/ReplayKit (4.2.2)
  - AgoraRtcEngine_iOS/RtcBasic (4.2.2)
  - AgoraRtcEngine_iOS/SpatialAudio (4.2.2)
  - AgoraRtcEngine_iOS/VideoCodecDec (4.2.2)
  - AgoraRtcEngine_iOS/VideoCodecEnc (4.2.2)
  - AgoraRtcEngine_iOS/VirtualBackground (4.2.2)
  - AgoraRtcEngine_iOS/VQA (4.2.2)
  - audio_session (0.0.1):
    - Flutter
  - Flutter (1.0.0)
  - iris_method_channel (0.0.1):
    - Flutter
  - just_audio (0.0.1):
    - Flutter
  - native_screenshot (0.0.1):
    - Flutter
  - path_provider_foundation (0.0.1):
    - Flutter
    - FlutterMacOS
  - permission_handler_apple (9.1.1):
    - Flutter

DEPENDENCIES:
  - agora_rtc_engine (from `.symlinks/plugins/agora_rtc_engine/ios`)
  - audio_session (from `.symlinks/plugins/audio_session/ios`)
  - Flutter (from `Flutter`)
  - iris_method_channel (from `.symlinks/plugins/iris_method_channel/ios`)
  - just_audio (from `.symlinks/plugins/just_audio/ios`)
  - native_screenshot (from `.symlinks/plugins/native_screenshot/ios`)
  - path_provider_foundation (from `.symlinks/plugins/path_provider_foundation/darwin`)
  - permission_handler_apple (from `.symlinks/plugins/permission_handler_apple/ios`)

SPEC REPOS:
  trunk:
    - AgoraIrisRTC_iOS
    - AgoraRtcEngine_iOS

EXTERNAL SOURCES:
  agora_rtc_engine:
    :path: ".symlinks/plugins/agora_rtc_engine/ios"
  audio_session:
    :path: ".symlinks/plugins/audio_session/ios"
  Flutter:
    :path: Flutter
  iris_method_channel:
    :path: ".symlinks/plugins/iris_method_channel/ios"
  just_audio:
    :path: ".symlinks/plugins/just_audio/ios"
  native_screenshot:
    :path: ".symlinks/plugins/native_screenshot/ios"
  path_provider_foundation:
    :path: ".symlinks/plugins/path_provider_foundation/darwin"
  permission_handler_apple:
    :path: ".symlinks/plugins/permission_handler_apple/ios"

SPEC CHECKSUMS:
  agora_rtc_engine: 667a7de14f35858a31b0c64cd54042a2158ef198
  AgoraIrisRTC_iOS: 7e71322c06db6c29ceaf89a964fb8b2700a75001
  AgoraRtcEngine_iOS: c510de329cd905daff3f01fa4c872ea6d5eaee23
  audio_session: 4f3e461722055d21515cf3261b64c973c062f345
  Flutter: f04841e97a9d0b0a8025694d0796dd46242b2854
  iris_method_channel: 0617c689164d8154c020c50f63ca79f92b8a7b9d
  just_audio: baa7252489dbcf47a4c7cc9ca663e9661c99aafa
  native_screenshot: 70900984bca8d5f42acf68611b8214b32a9f0deb
  path_provider_foundation: 29f094ae23ebbca9d3d0cec13889cd9060c0e943
  permission_handler_apple: e76247795d700c14ea09e3a2d8855d41ee80a2e6

PODFILE CHECKSUM: a0595e6056ad0246a354e05a07b41f32f9aadca1

COCOAPODS: 1.12.1
